// !$*UTF8*$!
{
	archiveVersion = 1;
	classes = {
	};
	objectVersion = 46;
	objects = {

/* Begin PBXBuildFile section */
		00C59D321888E9BE00697980 /* Foundation.framework in Frameworks */ = {isa = PBXBuildFile; fileRef = 00C59D311888E9BE00697980 /* Foundation.framework */; };
		00C59D341888E9BE00697980 /* CoreGraphics.framework in Frameworks */ = {isa = PBXBuildFile; fileRef = 00C59D331888E9BE00697980 /* CoreGraphics.framework */; };
		00C59D361888E9BE00697980 /* UIKit.framework in Frameworks */ = {isa = PBXBuildFile; fileRef = 00C59D351888E9BE00697980 /* UIKit.framework */; };
		00C59D3C1888E9BE00697980 /* InfoPlist.strings in Resources */ = {isa = PBXBuildFile; fileRef = 00C59D3A1888E9BE00697980 /* InfoPlist.strings */; };
		00C59D3E1888E9BE00697980 /* main.m in Sources */ = {isa = PBXBuildFile; fileRef = 00C59D3D1888E9BE00697980 /* main.m */; };
		00C59D421888E9BE00697980 /* AppDelegate.m in Sources */ = {isa = PBXBuildFile; fileRef = 00C59D411888E9BE00697980 /* AppDelegate.m */; };
		00C59D451888E9BE00697980 /* Main.storyboard in Resources */ = {isa = PBXBuildFile; fileRef = 00C59D431888E9BE00697980 /* Main.storyboard */; };
		00C59D481888E9BE00697980 /* ViewController.m in Sources */ = {isa = PBXBuildFile; fileRef = 00C59D471888E9BE00697980 /* ViewController.m */; };
		00C59D4A1888E9BE00697980 /* Images.xcassets in Resources */ = {isa = PBXBuildFile; fileRef = 00C59D491888E9BE00697980 /* Images.xcassets */; };
		00C59D511888E9BE00697980 /* XCTest.framework in Frameworks */ = {isa = PBXBuildFile; fileRef = 00C59D501888E9BE00697980 /* XCTest.framework */; };
		00C59D521888E9BE00697980 /* Foundation.framework in Frameworks */ = {isa = PBXBuildFile; fileRef = 00C59D311888E9BE00697980 /* Foundation.framework */; };
		00C59D531888E9BE00697980 /* UIKit.framework in Frameworks */ = {isa = PBXBuildFile; fileRef = 00C59D351888E9BE00697980 /* UIKit.framework */; };
		00C59D5B1888E9BE00697980 /* InfoPlist.strings in Resources */ = {isa = PBXBuildFile; fileRef = 00C59D591888E9BE00697980 /* InfoPlist.strings */; };
		00C59D5D1888E9BE00697980 /* SearchMapTestTests.m in Sources */ = {isa = PBXBuildFile; fileRef = 00C59D5C1888E9BE00697980 /* SearchMapTestTests.m */; };
		00C59D901888E9D800697980 /* HeadingAngleSmall.png in Resources */ = {isa = PBXBuildFile; fileRef = 00C59D801888E9D800697980 /* HeadingAngleSmall.png */; };
		00C59D911888E9D800697980 /* HeadingAngleSmall@2x.png in Resources */ = {isa = PBXBuildFile; fileRef = 00C59D811888E9D800697980 /* HeadingAngleSmall@2x.png */; };
		00C59D921888E9D800697980 /* icon_clustering.png in Resources */ = {isa = PBXBuildFile; fileRef = 00C59D821888E9D800697980 /* icon_clustering.png */; };
		00C59D931888E9D800697980 /* icon_clustering@2x.png in Resources */ = {isa = PBXBuildFile; fileRef = 00C59D831888E9D800697980 /* icon_clustering@2x.png */; };
		00C59D941888E9D800697980 /* mapbg_tlogo.png in Resources */ = {isa = PBXBuildFile; fileRef = 00C59D841888E9D800697980 /* mapbg_tlogo.png */; };
		00C59D951888E9D800697980 /* mapbg_tlogo@2x.png in Resources */ = {isa = PBXBuildFile; fileRef = 00C59D851888E9D800697980 /* mapbg_tlogo@2x.png */; };
		00C59D961888E9D800697980 /* poweredby.png in Resources */ = {isa = PBXBuildFile; fileRef = 00C59D861888E9D800697980 /* poweredby.png */; };
		00C59D971888E9D800697980 /* poweredby@2x.png in Resources */ = {isa = PBXBuildFile; fileRef = 00C59D871888E9D800697980 /* poweredby@2x.png */; };
		00C59D981888E9D800697980 /* TrackingDot.png in Resources */ = {isa = PBXBuildFile; fileRef = 00C59D881888E9D800697980 /* TrackingDot.png */; };
		00C59D991888E9D800697980 /* TrackingDot@2x.png in Resources */ = {isa = PBXBuildFile; fileRef = 00C59D891888E9D800697980 /* TrackingDot@2x.png */; };
		00C59D9A1888E9D800697980 /* TrackingDotHalo.png in Resources */ = {isa = PBXBuildFile; fileRef = 00C59D8A1888E9D800697980 /* TrackingDotHalo.png */; };
		00C59D9B1888E9D800697980 /* TrackingDotHalo@2x.png in Resources */ = {isa = PBXBuildFile; fileRef = 00C59D8B1888E9D800697980 /* TrackingDotHalo@2x.png */; };
		00C59D9C1888E9D800697980 /* libskpMap_OP-iOS7.0.a in Frameworks */ = {isa = PBXBuildFile; fileRef = 00C59D8C1888E9D800697980 /* libskpMap_OP-iOS7.0.a */; };
		00C59D9E1888EA0700697980 /* CoreLocation.framework in Frameworks */ = {isa = PBXBuildFile; fileRef = 00C59D9D1888EA0700697980 /* CoreLocation.framework */; };
		00C59DA01888EA0E00697980 /* QuartzCore.framework in Frameworks */ = {isa = PBXBuildFile; fileRef = 00C59D9F1888EA0E00697980 /* QuartzCore.framework */; };
/* End PBXBuildFile section */

/* Begin PBXContainerItemProxy section */
		00C59D541888E9BE00697980 /* PBXContainerItemProxy */ = {
			isa = PBXContainerItemProxy;
			containerPortal = 00C59D261888E9BE00697980 /* Project object */;
			proxyType = 1;
			remoteGlobalIDString = 00C59D2D1888E9BE00697980;
			remoteInfo = SearchMapTest;
		};
/* End PBXContainerItemProxy section */

/* Begin PBXFileReference section */
		00C59D2E1888E9BE00697980 /* SearchMapTest.app */ = {isa = PBXFileReference; explicitFileType = wrapper.application; includeInIndex = 0; path = SearchMapTest.app; sourceTree = BUILT_PRODUCTS_DIR; };
		00C59D311888E9BE00697980 /* Foundation.framework */ = {isa = PBXFileReference; lastKnownFileType = wrapper.framework; name = Foundation.framework; path = System/Library/Frameworks/Foundation.framework; sourceTree = SDKROOT; };
		00C59D331888E9BE00697980 /* CoreGraphics.framework */ = {isa = PBXFileReference; lastKnownFileType = wrapper.framework; name = CoreGraphics.framework; path = System/Library/Frameworks/CoreGraphics.framework; sourceTree = SDKROOT; };
		00C59D351888E9BE00697980 /* UIKit.framework */ = {isa = PBXFileReference; lastKnownFileType = wrapper.framework; name = UIKit.framework; path = System/Library/Frameworks/UIKit.framework; sourceTree = SDKROOT; };
		00C59D391888E9BE00697980 /* SearchMapTest-Info.plist */ = {isa = PBXFileReference; lastKnownFileType = text.plist.xml; path = "SearchMapTest-Info.plist"; sourceTree = "<group>"; };
		00C59D3B1888E9BE00697980 /* en */ = {isa = PBXFileReference; lastKnownFileType = text.plist.strings; name = en; path = en.lproj/InfoPlist.strings; sourceTree = "<group>"; };
		00C59D3D1888E9BE00697980 /* main.m */ = {isa = PBXFileReference; lastKnownFileType = sourcecode.c.objc; path = main.m; sourceTree = "<group>"; };
		00C59D3F1888E9BE00697980 /* SearchMapTest-Prefix.pch */ = {isa = PBXFileReference; lastKnownFileType = sourcecode.c.h; path = "SearchMapTest-Prefix.pch"; sourceTree = "<group>"; };
		00C59D401888E9BE00697980 /* AppDelegate.h */ = {isa = PBXFileReference; lastKnownFileType = sourcecode.c.h; path = AppDelegate.h; sourceTree = "<group>"; };
		00C59D411888E9BE00697980 /* AppDelegate.m */ = {isa = PBXFileReference; lastKnownFileType = sourcecode.c.objc; path = AppDelegate.m; sourceTree = "<group>"; };
		00C59D441888E9BE00697980 /* Base */ = {isa = PBXFileReference; lastKnownFileType = file.storyboard; name = Base; path = Base.lproj/Main.storyboard; sourceTree = "<group>"; };
		00C59D461888E9BE00697980 /* ViewController.h */ = {isa = PBXFileReference; lastKnownFileType = sourcecode.c.h; path = ViewController.h; sourceTree = "<group>"; };
		00C59D471888E9BE00697980 /* ViewController.m */ = {isa = PBXFileReference; lastKnownFileType = sourcecode.c.objc; path = ViewController.m; sourceTree = "<group>"; };
		00C59D491888E9BE00697980 /* Images.xcassets */ = {isa = PBXFileReference; lastKnownFileType = folder.assetcatalog; path = Images.xcassets; sourceTree = "<group>"; };
		00C59D4F1888E9BE00697980 /* SearchMapTestTests.xctest */ = {isa = PBXFileReference; explicitFileType = wrapper.cfbundle; includeInIndex = 0; path = SearchMapTestTests.xctest; sourceTree = BUILT_PRODUCTS_DIR; };
		00C59D501888E9BE00697980 /* XCTest.framework */ = {isa = PBXFileReference; lastKnownFileType = wrapper.framework; name = XCTest.framework; path = Library/Frameworks/XCTest.framework; sourceTree = DEVELOPER_DIR; };
		00C59D581888E9BE00697980 /* SearchMapTestTests-Info.plist */ = {isa = PBXFileReference; lastKnownFileType = text.plist.xml; path = "SearchMapTestTests-Info.plist"; sourceTree = "<group>"; };
		00C59D5A1888E9BE00697980 /* en */ = {isa = PBXFileReference; lastKnownFileType = text.plist.strings; name = en; path = en.lproj/InfoPlist.strings; sourceTree = "<group>"; };
		00C59D5C1888E9BE00697980 /* SearchMapTestTests.m */ = {isa = PBXFileReference; lastKnownFileType = sourcecode.c.objc; path = SearchMapTestTests.m; sourceTree = "<group>"; };
		00C59D691888E9D800697980 /* BizCategory.h */ = {isa = PBXFileReference; fileEncoding = 4; lastKnownFileType = sourcecode.c.h; path = BizCategory.h; sourceTree = "<group>"; };
		00C59D6B1888E9D800697980 /* TMap.h */ = {isa = PBXFileReference; fileEncoding = 4; lastKnownFileType = sourcecode.c.h; path = TMap.h; sourceTree = "<group>"; };
		00C59D6C1888E9D800697980 /* TMapAnnotation.h */ = {isa = PBXFileReference; fileEncoding = 4; lastKnownFileType = sourcecode.c.h; path = TMapAnnotation.h; sourceTree = "<group>"; };
		00C59D6D1888E9D800697980 /* TMapBaseView.h */ = {isa = PBXFileReference; fileEncoding = 4; lastKnownFileType = sourcecode.c.h; path = TMapBaseView.h; sourceTree = "<group>"; };
		00C59D6E1888E9D800697980 /* TMapCircle.h */ = {isa = PBXFileReference; fileEncoding = 4; lastKnownFileType = sourcecode.c.h; path = TMapCircle.h; sourceTree = "<group>"; };
		00C59D6F1888E9D800697980 /* TMapGpsManager.h */ = {isa = PBXFileReference; fileEncoding = 4; lastKnownFileType = sourcecode.c.h; path = TMapGpsManager.h; sourceTree = "<group>"; };
		00C59D701888E9D800697980 /* TMapKatec.h */ = {isa = PBXFileReference; fileEncoding = 4; lastKnownFileType = sourcecode.c.h; path = TMapKatec.h; sourceTree = "<group>"; };
		00C59D711888E9D800697980 /* TMapLayer.h */ = {isa = PBXFileReference; fileEncoding = 4; lastKnownFileType = sourcecode.c.h; path = TMapLayer.h; sourceTree = "<group>"; };
		00C59D721888E9D800697980 /* TMapMarker.h */ = {isa = PBXFileReference; fileEncoding = 4; lastKnownFileType = sourcecode.c.h; path = TMapMarker.h; sourceTree = "<group>"; };
		00C59D731888E9D800697980 /* TMapMarkerItem.h */ = {isa = PBXFileReference; fileEncoding = 4; lastKnownFileType = sourcecode.c.h; path = TMapMarkerItem.h; sourceTree = "<group>"; };
		00C59D741888E9D800697980 /* TMapMarkerItem2.h */ = {isa = PBXFileReference; fileEncoding = 4; lastKnownFileType = sourcecode.c.h; path = TMapMarkerItem2.h; sourceTree = "<group>"; };
		00C59D751888E9D800697980 /* TMapObject.h */ = {isa = PBXFileReference; fileEncoding = 4; lastKnownFileType = sourcecode.c.h; path = TMapObject.h; sourceTree = "<group>"; };
		00C59D761888E9D800697980 /* TMapPathData.h */ = {isa = PBXFileReference; fileEncoding = 4; lastKnownFileType = sourcecode.c.h; path = TMapPathData.h; sourceTree = "<group>"; };
		00C59D771888E9D800697980 /* TMapPOIItem.h */ = {isa = PBXFileReference; fileEncoding = 4; lastKnownFileType = sourcecode.c.h; path = TMapPOIItem.h; sourceTree = "<group>"; };
		00C59D781888E9D800697980 /* TMapPoint.h */ = {isa = PBXFileReference; fileEncoding = 4; lastKnownFileType = sourcecode.c.h; path = TMapPoint.h; sourceTree = "<group>"; };
		00C59D791888E9D800697980 /* TMapPolygon.h */ = {isa = PBXFileReference; fileEncoding = 4; lastKnownFileType = sourcecode.c.h; path = TMapPolygon.h; sourceTree = "<group>"; };
		00C59D7A1888E9D800697980 /* TMapPolyLine.h */ = {isa = PBXFileReference; fileEncoding = 4; lastKnownFileType = sourcecode.c.h; path = TMapPolyLine.h; sourceTree = "<group>"; };
		00C59D7B1888E9D800697980 /* TMapTapi.h */ = {isa = PBXFileReference; fileEncoding = 4; lastKnownFileType = sourcecode.c.h; path = TMapTapi.h; sourceTree = "<group>"; };
		00C59D7C1888E9D800697980 /* TMapType.h */ = {isa = PBXFileReference; fileEncoding = 4; lastKnownFileType = sourcecode.c.h; path = TMapType.h; sourceTree = "<group>"; };
		00C59D7D1888E9D800697980 /* TMapView.h */ = {isa = PBXFileReference; fileEncoding = 4; lastKnownFileType = sourcecode.c.h; path = TMapView.h; sourceTree = "<group>"; };
		00C59D801888E9D800697980 /* HeadingAngleSmall.png */ = {isa = PBXFileReference; lastKnownFileType = image.png; path = HeadingAngleSmall.png; sourceTree = "<group>"; };
		00C59D811888E9D800697980 /* HeadingAngleSmall@2x.png */ = {isa = PBXFileReference; lastKnownFileType = image.png; path = "HeadingAngleSmall@2x.png"; sourceTree = "<group>"; };
		00C59D821888E9D800697980 /* icon_clustering.png */ = {isa = PBXFileReference; lastKnownFileType = image.png; path = icon_clustering.png; sourceTree = "<group>"; };
		00C59D831888E9D800697980 /* icon_clustering@2x.png */ = {isa = PBXFileReference; lastKnownFileType = image.png; path = "icon_clustering@2x.png"; sourceTree = "<group>"; };
		00C59D841888E9D800697980 /* mapbg_tlogo.png */ = {isa = PBXFileReference; lastKnownFileType = image.png; path = mapbg_tlogo.png; sourceTree = "<group>"; };
		00C59D851888E9D800697980 /* mapbg_tlogo@2x.png */ = {isa = PBXFileReference; lastKnownFileType = image.png; path = "mapbg_tlogo@2x.png"; sourceTree = "<group>"; };
		00C59D861888E9D800697980 /* poweredby.png */ = {isa = PBXFileReference; lastKnownFileType = image.png; path = poweredby.png; sourceTree = "<group>"; };
		00C59D871888E9D800697980 /* poweredby@2x.png */ = {isa = PBXFileReference; lastKnownFileType = image.png; path = "poweredby@2x.png"; sourceTree = "<group>"; };
		00C59D881888E9D800697980 /* TrackingDot.png */ = {isa = PBXFileReference; lastKnownFileType = image.png; path = TrackingDot.png; sourceTree = "<group>"; };
		00C59D891888E9D800697980 /* TrackingDot@2x.png */ = {isa = PBXFileReference; lastKnownFileType = image.png; path = "TrackingDot@2x.png"; sourceTree = "<group>"; };
		00C59D8A1888E9D800697980 /* TrackingDotHalo.png */ = {isa = PBXFileReference; lastKnownFileType = image.png; path = TrackingDotHalo.png; sourceTree = "<group>"; };
		00C59D8B1888E9D800697980 /* TrackingDotHalo@2x.png */ = {isa = PBXFileReference; lastKnownFileType = image.png; path = "TrackingDotHalo@2x.png"; sourceTree = "<group>"; };
		00C59D8C1888E9D800697980 /* libskpMap_OP-iOS7.0.a */ = {isa = PBXFileReference; lastKnownFileType = archive.ar; path = "libskpMap_OP-iOS7.0.a"; sourceTree = "<group>"; };
		00C59D9D1888EA0700697980 /* CoreLocation.framework */ = {isa = PBXFileReference; lastKnownFileType = wrapper.framework; name = CoreLocation.framework; path = System/Library/Frameworks/CoreLocation.framework; sourceTree = SDKROOT; };
		00C59D9F1888EA0E00697980 /* QuartzCore.framework */ = {isa = PBXFileReference; lastKnownFileType = wrapper.framework; name = QuartzCore.framework; path = System/Library/Frameworks/QuartzCore.framework; sourceTree = SDKROOT; };
/* End PBXFileReference section */

/* Begin PBXFrameworksBuildPhase section */
		00C59D2B1888E9BE00697980 /* Frameworks */ = {
			isa = PBXFrameworksBuildPhase;
			buildActionMask = 2147483647;
			files = (
				00C59DA01888EA0E00697980 /* QuartzCore.framework in Frameworks */,
				00C59D9E1888EA0700697980 /* CoreLocation.framework in Frameworks */,
				00C59D341888E9BE00697980 /* CoreGraphics.framework in Frameworks */,
				00C59D361888E9BE00697980 /* UIKit.framework in Frameworks */,
				00C59D9C1888E9D800697980 /* libskpMap_OP-iOS7.0.a in Frameworks */,
				00C59D321888E9BE00697980 /* Foundation.framework in Frameworks */,
			);
			runOnlyForDeploymentPostprocessing = 0;
		};
		00C59D4C1888E9BE00697980 /* Frameworks */ = {
			isa = PBXFrameworksBuildPhase;
			buildActionMask = 2147483647;
			files = (
				00C59D511888E9BE00697980 /* XCTest.framework in Frameworks */,
				00C59D531888E9BE00697980 /* UIKit.framework in Frameworks */,
				00C59D521888E9BE00697980 /* Foundation.framework in Frameworks */,
			);
			runOnlyForDeploymentPostprocessing = 0;
		};
/* End PBXFrameworksBuildPhase section */

/* Begin PBXGroup section */
		00C59D251888E9BE00697980 = {
			isa = PBXGroup;
			children = (
				00C59D661888E9D800697980 /* lib */,
				00C59D371888E9BE00697980 /* SearchMapTest */,
				00C59D561888E9BE00697980 /* SearchMapTestTests */,
				00C59D301888E9BE00697980 /* Frameworks */,
				00C59D2F1888E9BE00697980 /* Products */,
			);
			sourceTree = "<group>";
		};
		00C59D2F1888E9BE00697980 /* Products */ = {
			isa = PBXGroup;
			children = (
				00C59D2E1888E9BE00697980 /* SearchMapTest.app */,
				00C59D4F1888E9BE00697980 /* SearchMapTestTests.xctest */,
			);
			name = Products;
			sourceTree = "<group>";
		};
		00C59D301888E9BE00697980 /* Frameworks */ = {
			isa = PBXGroup;
			children = (
				00C59D9F1888EA0E00697980 /* QuartzCore.framework */,
				00C59D9D1888EA0700697980 /* CoreLocation.framework */,
				00C59D311888E9BE00697980 /* Foundation.framework */,
				00C59D331888E9BE00697980 /* CoreGraphics.framework */,
				00C59D351888E9BE00697980 /* UIKit.framework */,
				00C59D501888E9BE00697980 /* XCTest.framework */,
			);
			name = Frameworks;
			sourceTree = "<group>";
		};
		00C59D371888E9BE00697980 /* SearchMapTest */ = {
			isa = PBXGroup;
			children = (
				00C59D401888E9BE00697980 /* AppDelegate.h */,
				00C59D411888E9BE00697980 /* AppDelegate.m */,
				00C59D431888E9BE00697980 /* Main.storyboard */,
				00C59D461888E9BE00697980 /* ViewController.h */,
				00C59D471888E9BE00697980 /* ViewController.m */,
				00C59D491888E9BE00697980 /* Images.xcassets */,
				00C59D381888E9BE00697980 /* Supporting Files */,
			);
			path = SearchMapTest;
			sourceTree = "<group>";
		};
		00C59D381888E9BE00697980 /* Supporting Files */ = {
			isa = PBXGroup;
			children = (
				00C59D391888E9BE00697980 /* SearchMapTest-Info.plist */,
				00C59D3A1888E9BE00697980 /* InfoPlist.strings */,
				00C59D3D1888E9BE00697980 /* main.m */,
				00C59D3F1888E9BE00697980 /* SearchMapTest-Prefix.pch */,
			);
			name = "Supporting Files";
			sourceTree = "<group>";
		};
		00C59D561888E9BE00697980 /* SearchMapTestTests */ = {
			isa = PBXGroup;
			children = (
				00C59D5C1888E9BE00697980 /* SearchMapTestTests.m */,
				00C59D571888E9BE00697980 /* Supporting Files */,
			);
			path = SearchMapTestTests;
			sourceTree = "<group>";
		};
		00C59D571888E9BE00697980 /* Supporting Files */ = {
			isa = PBXGroup;
			children = (
				00C59D581888E9BE00697980 /* SearchMapTestTests-Info.plist */,
				00C59D591888E9BE00697980 /* InfoPlist.strings */,
			);
			name = "Supporting Files";
			sourceTree = "<group>";
		};
		00C59D661888E9D800697980 /* lib */ = {
			isa = PBXGroup;
			children = (
				00C59D681888E9D800697980 /* Headers */,
				00C59D7E1888E9D800697980 /* Images */,
				00C59D8C1888E9D800697980 /* libskpMap_OP-iOS7.0.a */,
			);
			path = lib;
			sourceTree = "<group>";
		};
		00C59D681888E9D800697980 /* Headers */ = {
			isa = PBXGroup;
			children = (
				00C59D691888E9D800697980 /* BizCategory.h */,
				00C59D6B1888E9D800697980 /* TMap.h */,
				00C59D6C1888E9D800697980 /* TMapAnnotation.h */,
				00C59D6D1888E9D800697980 /* TMapBaseView.h */,
				00C59D6E1888E9D800697980 /* TMapCircle.h */,
				00C59D6F1888E9D800697980 /* TMapGpsManager.h */,
				00C59D701888E9D800697980 /* TMapKatec.h */,
				00C59D711888E9D800697980 /* TMapLayer.h */,
				00C59D721888E9D800697980 /* TMapMarker.h */,
				00C59D731888E9D800697980 /* TMapMarkerItem.h */,
				00C59D741888E9D800697980 /* TMapMarkerItem2.h */,
				00C59D751888E9D800697980 /* TMapObject.h */,
				00C59D761888E9D800697980 /* TMapPathData.h */,
				00C59D771888E9D800697980 /* TMapPOIItem.h */,
				00C59D781888E9D800697980 /* TMapPoint.h */,
				00C59D791888E9D800697980 /* TMapPolygon.h */,
				00C59D7A1888E9D800697980 /* TMapPolyLine.h */,
				00C59D7B1888E9D800697980 /* TMapTapi.h */,
				00C59D7C1888E9D800697980 /* TMapType.h */,
				00C59D7D1888E9D800697980 /* TMapView.h */,
			);
			path = Headers;
			sourceTree = "<group>";
		};
		00C59D7E1888E9D800697980 /* Images */ = {
			isa = PBXGroup;
			children = (
				00C59D801888E9D800697980 /* HeadingAngleSmall.png */,
				00C59D811888E9D800697980 /* HeadingAngleSmall@2x.png */,
				00C59D821888E9D800697980 /* icon_clustering.png */,
				00C59D831888E9D800697980 /* icon_clustering@2x.png */,
				00C59D841888E9D800697980 /* mapbg_tlogo.png */,
				00C59D851888E9D800697980 /* mapbg_tlogo@2x.png */,
				00C59D861888E9D800697980 /* poweredby.png */,
				00C59D871888E9D800697980 /* poweredby@2x.png */,
				00C59D881888E9D800697980 /* TrackingDot.png */,
				00C59D891888E9D800697980 /* TrackingDot@2x.png */,
				00C59D8A1888E9D800697980 /* TrackingDotHalo.png */,
				00C59D8B1888E9D800697980 /* TrackingDotHalo@2x.png */,
			);
			path = Images;
			sourceTree = "<group>";
		};
/* End PBXGroup section */

/* Begin PBXNativeTarget section */
		00C59D2D1888E9BE00697980 /* SearchMapTest */ = {
			isa = PBXNativeTarget;
			buildConfigurationList = 00C59D601888E9BE00697980 /* Build configuration list for PBXNativeTarget "SearchMapTest" */;
			buildPhases = (
				00C59D2A1888E9BE00697980 /* Sources */,
				00C59D2B1888E9BE00697980 /* Frameworks */,
				00C59D2C1888E9BE00697980 /* Resources */,
			);
			buildRules = (
			);
			dependencies = (
			);
			name = SearchMapTest;
			productName = SearchMapTest;
			productReference = 00C59D2E1888E9BE00697980 /* SearchMapTest.app */;
			productType = "com.apple.product-type.application";
		};
		00C59D4E1888E9BE00697980 /* SearchMapTestTests */ = {
			isa = PBXNativeTarget;
			buildConfigurationList = 00C59D631888E9BE00697980 /* Build configuration list for PBXNativeTarget "SearchMapTestTests" */;
			buildPhases = (
				00C59D4B1888E9BE00697980 /* Sources */,
				00C59D4C1888E9BE00697980 /* Frameworks */,
				00C59D4D1888E9BE00697980 /* Resources */,
			);
			buildRules = (
			);
			dependencies = (
				00C59D551888E9BE00697980 /* PBXTargetDependency */,
			);
			name = SearchMapTestTests;
			productName = SearchMapTestTests;
			productReference = 00C59D4F1888E9BE00697980 /* SearchMapTestTests.xctest */;
			productType = "com.apple.product-type.bundle.unit-test";
		};
/* End PBXNativeTarget section */

/* Begin PBXProject section */
		00C59D261888E9BE00697980 /* Project object */ = {
			isa = PBXProject;
			attributes = {
				LastUpgradeCheck = 0500;
				ORGANIZATIONNAME = "SDT-1";
				TargetAttributes = {
					00C59D4E1888E9BE00697980 = {
						TestTargetID = 00C59D2D1888E9BE00697980;
					};
				};
			};
			buildConfigurationList = 00C59D291888E9BE00697980 /* Build configuration list for PBXProject "SearchMapTest" */;
			compatibilityVersion = "Xcode 3.2";
			developmentRegion = English;
			hasScannedForEncodings = 0;
			knownRegions = (
				en,
				Base,
			);
			mainGroup = 00C59D251888E9BE00697980;
			productRefGroup = 00C59D2F1888E9BE00697980 /* Products */;
			projectDirPath = "";
			projectRoot = "";
			targets = (
				00C59D2D1888E9BE00697980 /* SearchMapTest */,
				00C59D4E1888E9BE00697980 /* SearchMapTestTests */,
			);
		};
/* End PBXProject section */

/* Begin PBXResourcesBuildPhase section */
		00C59D2C1888E9BE00697980 /* Resources */ = {
			isa = PBXResourcesBuildPhase;
			buildActionMask = 2147483647;
			files = (
				00C59D921888E9D800697980 /* icon_clustering.png in Resources */,
				00C59D9B1888E9D800697980 /* TrackingDotHalo@2x.png in Resources */,
				00C59D9A1888E9D800697980 /* TrackingDotHalo.png in Resources */,
				00C59D901888E9D800697980 /* HeadingAngleSmall.png in Resources */,
				00C59D4A1888E9BE00697980 /* Images.xcassets in Resources */,
				00C59D931888E9D800697980 /* icon_clustering@2x.png in Resources */,
				00C59D951888E9D800697980 /* mapbg_tlogo@2x.png in Resources */,
				00C59D3C1888E9BE00697980 /* InfoPlist.strings in Resources */,
				00C59D941888E9D800697980 /* mapbg_tlogo.png in Resources */,
				00C59D991888E9D800697980 /* TrackingDot@2x.png in Resources */,
				00C59D981888E9D800697980 /* TrackingDot.png in Resources */,
				00C59D911888E9D800697980 /* HeadingAngleSmall@2x.png in Resources */,
				00C59D971888E9D800697980 /* poweredby@2x.png in Resources */,
				00C59D961888E9D800697980 /* poweredby.png in Resources */,
				00C59D451888E9BE00697980 /* Main.storyboard in Resources */,
			);
			runOnlyForDeploymentPostprocessing = 0;
		};
		00C59D4D1888E9BE00697980 /* Resources */ = {
			isa = PBXResourcesBuildPhase;
			buildActionMask = 2147483647;
			files = (
				00C59D5B1888E9BE00697980 /* InfoPlist.strings in Resources */,
			);
			runOnlyForDeploymentPostprocessing = 0;
		};
/* End PBXResourcesBuildPhase section */

/* Begin PBXSourcesBuildPhase section */
		00C59D2A1888E9BE00697980 /* Sources */ = {
			isa = PBXSourcesBuildPhase;
			buildActionMask = 2147483647;
			files = (
				00C59D481888E9BE00697980 /* ViewController.m in Sources */,
				00C59D421888E9BE00697980 /* AppDelegate.m in Sources */,
				00C59D3E1888E9BE00697980 /* main.m in Sources */,
			);
			runOnlyForDeploymentPostprocessing = 0;
		};
		00C59D4B1888E9BE00697980 /* Sources */ = {
			isa = PBXSourcesBuildPhase;
			buildActionMask = 2147483647;
			files = (
				00C59D5D1888E9BE00697980 /* SearchMapTestTests.m in Sources */,
			);
			runOnlyForDeploymentPostprocessing = 0;
		};
/* End PBXSourcesBuildPhase section */

/* Begin PBXTargetDependency section */
		00C59D551888E9BE00697980 /* PBXTargetDependency */ = {
			isa = PBXTargetDependency;
			target = 00C59D2D1888E9BE00697980 /* SearchMapTest */;
			targetProxy = 00C59D541888E9BE00697980 /* PBXContainerItemProxy */;
		};
/* End PBXTargetDependency section */

/* Begin PBXVariantGroup section */
		00C59D3A1888E9BE00697980 /* InfoPlist.strings */ = {
			isa = PBXVariantGroup;
			children = (
				00C59D3B1888E9BE00697980 /* en */,
			);
			name = InfoPlist.strings;
			sourceTree = "<group>";
		};
		00C59D431888E9BE00697980 /* Main.storyboard */ = {
			isa = PBXVariantGroup;
			children = (
				00C59D441888E9BE00697980 /* Base */,
			);
			name = Main.storyboard;
			sourceTree = "<group>";
		};
		00C59D591888E9BE00697980 /* InfoPlist.strings */ = {
			isa = PBXVariantGroup;
			children = (
				00C59D5A1888E9BE00697980 /* en */,
			);
			name = InfoPlist.strings;
			sourceTree = "<group>";
		};
/* End PBXVariantGroup section */

/* Begin XCBuildConfiguration section */
		00C59D5E1888E9BE00697980 /* Debug */ = {
			isa = XCBuildConfiguration;
			buildSettings = {
				ALWAYS_SEARCH_USER_PATHS = NO;
				ARCHS = "$(ARCHS_STANDARD_INCLUDING_64_BIT)";
				CLANG_CXX_LANGUAGE_STANDARD = "gnu++0x";
				CLANG_CXX_LIBRARY = "libc++";
				CLANG_ENABLE_MODULES = YES;
				CLANG_ENABLE_OBJC_ARC = YES;
				CLANG_WARN_BOOL_CONVERSION = YES;
				CLANG_WARN_CONSTANT_CONVERSION = YES;
				CLANG_WARN_DIRECT_OBJC_ISA_USAGE = YES_ERROR;
				CLANG_WARN_EMPTY_BODY = YES;
				CLANG_WARN_ENUM_CONVERSION = YES;
				CLANG_WARN_INT_CONVERSION = YES;
				CLANG_WARN_OBJC_ROOT_CLASS = YES_ERROR;
				CLANG_WARN__DUPLICATE_METHOD_MATCH = YES;
				"CODE_SIGN_IDENTITY[sdk=iphoneos*]" = "iPhone Developer";
				COPY_PHASE_STRIP = NO;
				GCC_C_LANGUAGE_STANDARD = gnu99;
				GCC_DYNAMIC_NO_PIC = NO;
				GCC_OPTIMIZATION_LEVEL = 0;
				GCC_PREPROCESSOR_DEFINITIONS = (
					"DEBUG=1",
					"$(inherited)",
				);
				GCC_SYMBOLS_PRIVATE_EXTERN = NO;
				GCC_WARN_64_TO_32_BIT_CONVERSION = YES;
				GCC_WARN_ABOUT_RETURN_TYPE = YES_ERROR;
				GCC_WARN_UNDECLARED_SELECTOR = YES;
				GCC_WARN_UNINITIALIZED_AUTOS = YES;
				GCC_WARN_UNUSED_FUNCTION = YES;
				GCC_WARN_UNUSED_VARIABLE = YES;
				IPHONEOS_DEPLOYMENT_TARGET = 7.0;
				ONLY_ACTIVE_ARCH = YES;
				SDKROOT = iphoneos;
			};
			name = Debug;
		};
		00C59D5F1888E9BE00697980 /* Release */ = {
			isa = XCBuildConfiguration;
			buildSettings = {
				ALWAYS_SEARCH_USER_PATHS = NO;
				ARCHS = "$(ARCHS_STANDARD_INCLUDING_64_BIT)";
				CLANG_CXX_LANGUAGE_STANDARD = "gnu++0x";
				CLANG_CXX_LIBRARY = "libc++";
				CLANG_ENABLE_MODULES = YES;
				CLANG_ENABLE_OBJC_ARC = YES;
				CLANG_WARN_BOOL_CONVERSION = YES;
				CLANG_WARN_CONSTANT_CONVERSION = YES;
				CLANG_WARN_DIRECT_OBJC_ISA_USAGE = YES_ERROR;
				CLANG_WARN_EMPTY_BODY = YES;
				CLANG_WARN_ENUM_CONVERSION = YES;
				CLANG_WARN_INT_CONVERSION = YES;
				CLANG_WARN_OBJC_ROOT_CLASS = YES_ERROR;
				CLANG_WARN__DUPLICATE_METHOD_MATCH = YES;
				"CODE_SIGN_IDENTITY[sdk=iphoneos*]" = "iPhone Developer";
				COPY_PHASE_STRIP = YES;
				ENABLE_NS_ASSERTIONS = NO;
				GCC_C_LANGUAGE_STANDARD = gnu99;
				GCC_WARN_64_TO_32_BIT_CONVERSION = YES;
				GCC_WARN_ABOUT_RETURN_TYPE = YES_ERROR;
				GCC_WARN_UNDECLARED_SELECTOR = YES;
				GCC_WARN_UNINITIALIZED_AUTOS = YES;
				GCC_WARN_UNUSED_FUNCTION = YES;
				GCC_WARN_UNUSED_VARIABLE = YES;
				IPHONEOS_DEPLOYMENT_TARGET = 7.0;
				SDKROOT = iphoneos;
				VALIDATE_PRODUCT = YES;
			};
			name = Release;
		};
		00C59D611888E9BE00697980 /* Debug */ = {
			isa = XCBuildConfiguration;
			buildSettings = {
				ASSETCATALOG_COMPILER_APPICON_NAME = AppIcon;
				ASSETCATALOG_COMPILER_LAUNCHIMAGE_NAME = LaunchImage;
				GCC_PRECOMPILE_PREFIX_HEADER = YES;
				GCC_PREFIX_HEADER = "SearchMapTest/SearchMapTest-Prefix.pch";
				HEADER_SEARCH_PATHS = (
					"$(inherited)",
					/Applications/Xcode.app/Contents/Developer/Toolchains/XcodeDefault.xctoolchain/usr/include,
					"\"$(SRCROOT)/../../../Downloads/[iOS]TmapSDK_배포압축용_1/lib/Headers\"",
				);
				INFOPLIST_FILE = "SearchMapTest/SearchMapTest-Info.plist";
				LIBRARY_SEARCH_PATHS = (
					"$(inherited)",
					"/Users/SDT-1/Documents/Projects/SearchMapTest/lib",
				);
				PRODUCT_NAME = "$(TARGET_NAME)";
				WRAPPER_EXTENSION = app;
			};
			name = Debug;
		};
		00C59D621888E9BE00697980 /* Release */ = {
			isa = XCBuildConfiguration;
			buildSettings = {
				ASSETCATALOG_COMPILER_APPICON_NAME = AppIcon;
				ASSETCATALOG_COMPILER_LAUNCHIMAGE_NAME = LaunchImage;
				GCC_PRECOMPILE_PREFIX_HEADER = YES;
				GCC_PREFIX_HEADER = "SearchMapTest/SearchMapTest-Prefix.pch";
				HEADER_SEARCH_PATHS = (
					"$(inherited)",
					/Applications/Xcode.app/Contents/Developer/Toolchains/XcodeDefault.xctoolchain/usr/include,
					"\"$(SRCROOT)/../../../Downloads/[iOS]TmapSDK_배포압축용_1/lib/Headers\"",
				);
				INFOPLIST_FILE = "SearchMapTest/SearchMapTest-Info.plist";
				LIBRARY_SEARCH_PATHS = (
					"$(inherited)",
					"/Users/SDT-1/Documents/Projects/SearchMapTest/lib",
				);
				PRODUCT_NAME = "$(TARGET_NAME)";
				WRAPPER_EXTENSION = app;
			};
			name = Release;
		};
		00C59D641888E9BE00697980 /* Debug */ = {
			isa = XCBuildConfiguration;
			buildSettings = {
				ARCHS = "$(ARCHS_STANDARD_INCLUDING_64_BIT)";
				BUNDLE_LOADER = "$(BUILT_PRODUCTS_DIR)/SearchMapTest.app/SearchMapTest";
				FRAMEWORK_SEARCH_PATHS = (
					"$(SDKROOT)/Developer/Library/Frameworks",
					"$(inherited)",
					"$(DEVELOPER_FRAMEWORKS_DIR)",
				);
				GCC_PRECOMPILE_PREFIX_HEADER = YES;
				GCC_PREFIX_HEADER = "SearchMapTest/SearchMapTest-Prefix.pch";
				GCC_PREPROCESSOR_DEFINITIONS = (
					"DEBUG=1",
					"$(inherited)",
				);
				INFOPLIST_FILE = "SearchMapTestTests/SearchMapTestTests-Info.plist";
				PRODUCT_NAME = "$(TARGET_NAME)";
				TEST_HOST = "$(BUNDLE_LOADER)";
				WRAPPER_EXTENSION = xctest;
			};
			name = Debug;
		};
		00C59D651888E9BE00697980 /* Release */ = {
			isa = XCBuildConfiguration;
			buildSettings = {
				ARCHS = "$(ARCHS_STANDARD_INCLUDING_64_BIT)";
				BUNDLE_LOADER = "$(BUILT_PRODUCTS_DIR)/SearchMapTest.app/SearchMapTest";
				FRAMEWORK_SEARCH_PATHS = (
					"$(SDKROOT)/Developer/Library/Frameworks",
					"$(inherited)",
					"$(DEVELOPER_FRAMEWORKS_DIR)",
				);
				GCC_PRECOMPILE_PREFIX_HEADER = YES;
				GCC_PREFIX_HEADER = "SearchMapTest/SearchMapTest-Prefix.pch";
				INFOPLIST_FILE = "SearchMapTestTests/SearchMapTestTests-Info.plist";
				PRODUCT_NAME = "$(TARGET_NAME)";
				TEST_HOST = "$(BUNDLE_LOADER)";
				WRAPPER_EXTENSION = xctest;
			};
			name = Release;
		};
/* End XCBuildConfiguration section */

/* Begin XCConfigurationList section */
		00C59D291888E9BE00697980 /* Build configuration list for PBXProject "SearchMapTest" */ = {
			isa = XCConfigurationList;
			buildConfigurations = (
				00C59D5E1888E9BE00697980 /* Debug */,
				00C59D5F1888E9BE00697980 /* Release */,
			);
			defaultConfigurationIsVisible = 0;
			defaultConfigurationName = Release;
		};
		00C59D601888E9BE00697980 /* Build configuration list for PBXNativeTarget "SearchMapTest" */ = {
			isa = XCConfigurationList;
			buildConfigurations = (
				00C59D611888E9BE00697980 /* Debug */,
				00C59D621888E9BE00697980 /* Release */,
			);
			defaultConfigurationIsVisible = 0;
		};
		00C59D631888E9BE00697980 /* Build configuration list for PBXNativeTarget "SearchMapTestTests" */ = {
			isa = XCConfigurationList;
			buildConfigurations = (
				00C59D641888E9BE00697980 /* Debug */,
				00C59D651888E9BE00697980 /* Release */,
			);
			defaultConfigurationIsVisible = 0;
		};
/* End XCConfigurationList section */
	};
	rootObject = 00C59D261888E9BE00697980 /* Project object */;
}
